
Microsoft Visual Studio Solution File, Format Version 12.00
# Visual Studio 15
VisualStudioVersion = 15.0.26730.12
MinimumVisualStudioVersion = 10.0.40219.1
Project("{FAE04EC0-301F-11D3-BF4B-00C04F79EFBC}") = "AquiVoto", "AquiVoto\AquiVoto.csproj", "{006E68D6-BB73-49F1-A071-E21C437535F1}"
EndProject
Project("{FAE04EC0-301F-11D3-BF4B-00C04F79EFBC}") = "AquiVoto.Models", "AquiVoto.Models\AquiVoto.Models.csproj", "{A3235FA1-73AC-47CF-8717-86A2149C1629}"
EndProject
Project("{FAE04EC0-301F-11D3-BF4B-00C04F79EFBC}") = "AquiVoto.DataModels", "AquiVoto.DataModels\AquiVoto.DataModels.csproj", "{5C5AEB5C-3402-47FB-B332-907CABBD1558}"
EndProject
Project("{FAE04EC0-301F-11D3-BF4B-00C04F79EFBC}") = "AquiVoto.Services", "AquiVoto.Services\AquiVoto.Services.csproj", "{3A9A9F82-17BA-4D48-8C6D-C87C520482A8}"
EndProject
Project("{FAE04EC0-301F-11D3-BF4B-00C04F79EFBC}") = "AquiVoto.Controllers", "AquiVoto.Controllers\AquiVoto.Controllers.csproj", "{236EC5C7-129F-4A9E-906A-21978AB3D76B}"
EndProject
Project("{FAE04EC0-301F-11D3-BF4B-00C04F79EFBC}") = "AquiVoto.Repositories", "AquiVoto.Repositories\AquiVoto.Repositories.csproj", "{38DA64B2-695E-4260-82FC-BFD52DC432F8}"
EndProject
Project("{FAE04EC0-301F-11D3-BF4B-00C04F79EFBC}") = "AquiVoto.Common", "AquiVoto.Common\AquiVoto.Common.csproj", "{2ED3F004-3AF0-4258-81A1-55B82933B4CE}"
EndProject
Project("{FAE04EC0-301F-11D3-BF4B-00C04F79EFBC}") = "AquiVoto.Services.Interfaces", "AquiVoto.Services.Interfaces\AquiVoto.Services.Interfaces.csproj", "{1A3A1677-E2E0-451B-AF66-9391C2DD05CB}"
EndProject
Project("{FAE04EC0-301F-11D3-BF4B-00C04F79EFBC}") = "AquiVoto.Api", "AquiVoto.Api\AquiVoto.Api.csproj", "{7A427A44-1885-4C99-8C05-35B8C14AA50E}"
EndProject
Global
	GlobalSection(SolutionConfigurationPlatforms) = preSolution
		Debug|Any CPU = Debug|Any CPU
		Release|Any CPU = Release|Any CPU
	EndGlobalSection
	GlobalSection(ProjectConfigurationPlatforms) = postSolution
		{006E68D6-BB73-49F1-A071-E21C437535F1}.Debug|Any CPU.ActiveCfg = Debug|Any CPU
		{006E68D6-BB73-49F1-A071-E21C437535F1}.Debug|Any CPU.Build.0 = Debug|Any CPU
		{006E68D6-BB73-49F1-A071-E21C437535F1}.Release|Any CPU.ActiveCfg = Release|Any CPU
		{006E68D6-BB73-49F1-A071-E21C437535F1}.Release|Any CPU.Build.0 = Release|Any CPU
		{A3235FA1-73AC-47CF-8717-86A2149C1629}.Debug|Any CPU.ActiveCfg = Debug|Any CPU
		{A3235FA1-73AC-47CF-8717-86A2149C1629}.Debug|Any CPU.Build.0 = Debug|Any CPU
		{A3235FA1-73AC-47CF-8717-86A2149C1629}.Release|Any CPU.ActiveCfg = Release|Any CPU
		{A3235FA1-73AC-47CF-8717-86A2149C1629}.Release|Any CPU.Build.0 = Release|Any CPU
		{5C5AEB5C-3402-47FB-B332-907CABBD1558}.Debug|Any CPU.ActiveCfg = Debug|Any CPU
		{5C5AEB5C-3402-47FB-B332-907CABBD1558}.Debug|Any CPU.Build.0 = Debug|Any CPU
		{5C5AEB5C-3402-47FB-B332-907CABBD1558}.Release|Any CPU.ActiveCfg = Release|Any CPU
		{5C5AEB5C-3402-47FB-B332-907CABBD1558}.Release|Any CPU.Build.0 = Release|Any CPU
		{3A9A9F82-17BA-4D48-8C6D-C87C520482A8}.Debug|Any CPU.ActiveCfg = Debug|Any CPU
		{3A9A9F82-17BA-4D48-8C6D-C87C520482A8}.Debug|Any CPU.Build.0 = Debug|Any CPU
		{3A9A9F82-17BA-4D48-8C6D-C87C520482A8}.Release|Any CPU.ActiveCfg = Release|Any CPU
		{3A9A9F82-17BA-4D48-8C6D-C87C520482A8}.Release|Any CPU.Build.0 = Release|Any CPU
		{236EC5C7-129F-4A9E-906A-21978AB3D76B}.Debug|Any CPU.ActiveCfg = Debug|Any CPU
		{236EC5C7-129F-4A9E-906A-21978AB3D76B}.Debug|Any CPU.Build.0 = Debug|Any CPU
		{236EC5C7-129F-4A9E-906A-21978AB3D76B}.Release|Any CPU.ActiveCfg = Release|Any CPU
		{236EC5C7-129F-4A9E-906A-21978AB3D76B}.Release|Any CPU.Build.0 = Release|Any CPU
		{38DA64B2-695E-4260-82FC-BFD52DC432F8}.Debug|Any CPU.ActiveCfg = Debug|Any CPU
		{38DA64B2-695E-4260-82FC-BFD52DC432F8}.Debug|Any CPU.Build.0 = Debug|Any CPU
		{38DA64B2-695E-4260-82FC-BFD52DC432F8}.Release|Any CPU.ActiveCfg = Release|Any CPU
		{38DA64B2-695E-4260-82FC-BFD52DC432F8}.Release|Any CPU.Build.0 = Release|Any CPU
		{2ED3F004-3AF0-4258-81A1-55B82933B4CE}.Debug|Any CPU.ActiveCfg = Debug|Any CPU
		{2ED3F004-3AF0-4258-81A1-55B82933B4CE}.Debug|Any CPU.Build.0 = Debug|Any CPU
		{2ED3F004-3AF0-4258-81A1-55B82933B4CE}.Release|Any CPU.ActiveCfg = Release|Any CPU
		{2ED3F004-3AF0-4258-81A1-55B82933B4CE}.Release|Any CPU.Build.0 = Release|Any CPU
		{1A3A1677-E2E0-451B-AF66-9391C2DD05CB}.Debug|Any CPU.ActiveCfg = Debug|Any CPU
		{1A3A1677-E2E0-451B-AF66-9391C2DD05CB}.Debug|Any CPU.Build.0 = Debug|Any CPU
		{1A3A1677-E2E0-451B-AF66-9391C2DD05CB}.Release|Any CPU.ActiveCfg = Release|Any CPU
		{1A3A1677-E2E0-451B-AF66-9391C2DD05CB}.Release|Any CPU.Build.0 = Release|Any CPU
		{7A427A44-1885-4C99-8C05-35B8C14AA50E}.Debug|Any CPU.ActiveCfg = Debug|Any CPU
		{7A427A44-1885-4C99-8C05-35B8C14AA50E}.Debug|Any CPU.Build.0 = Debug|Any CPU
		{7A427A44-1885-4C99-8C05-35B8C14AA50E}.Release|Any CPU.ActiveCfg = Release|Any CPU
		{7A427A44-1885-4C99-8C05-35B8C14AA50E}.Release|Any CPU.Build.0 = Release|Any CPU
	EndGlobalSection
	GlobalSection(SolutionProperties) = preSolution
		HideSolutionNode = FALSE
	EndGlobalSection
	GlobalSection(ExtensibilityGlobals) = postSolution
		SolutionGuid = {18815973-41F5-4D30-A6EA-87B1E4D49617}
	EndGlobalSection
EndGlobal
